schema: '2.0'
stages:
  data_ingestion:
    cmd: python src/pipeline/stage_01_ingestion.py
    deps:
    - path: data/raw
      hash: md5
      md5: ea901078c1dec48a471bfc991540bc06.dir
      size: 7079743
      nfiles: 4
    - path: src/components/data_ingestion.py
      hash: md5
      md5: 6021c4f0b4e9dbfcd6b55c4cf41dd904
      size: 2256
    params:
      configs/components_params.yaml:
        data_ingestion:
          raw_data_path: data/raw/raw_data.csv
    outs:
    - path: artifacts/ingestion_artifact/data_ingestion.json
      hash: md5
      md5: a7770075a940496d1f657af8e9d4b5bf
      size: 1189
  data_validation:
    cmd: python src/pipeline/stage_02_validation.py
    deps:
    - path: artifacts/ingestion_artifact/data_ingestion.json
      hash: md5
      md5: a7770075a940496d1f657af8e9d4b5bf
      size: 1189
    - path: configs/schema.yaml
      hash: md5
      md5: fa71b142e0e3be39a939bba832c5924b
      size: 708
    - path: src/components/data_validation.py
      hash: md5
      md5: 1e3dfea29bb8cadd5b085c38e0dbf998
      size: 1918
    outs:
    - path: artifacts/validation_artifact/data_validation.json
      hash: md5
      md5: 9881fc4061ae2f684dd41adc3511662c
      size: 79
  data_profiling:
    cmd: python src/pipeline/stage_03_profiling.py
    deps:
    - path: artifacts/validation_artifact/data_validation.json
      hash: md5
      md5: 9881fc4061ae2f684dd41adc3511662c
      size: 79
    - path: src/components/data_profiling.py
      hash: md5
      md5: fe18573665c183559167e84262426853
      size: 2408
    - path: src/profilers/validation_profiler.py
      hash: md5
      md5: 739a271a3b536647050760c14b3b2444
      size: 3501
    outs:
    - path: artifacts/profiling_artifacts/data_profiling.json
      hash: md5
      md5: c3f61fb6108fa7d6ca417e70a805b000
      size: 550
    - path: artifacts/profiling_artifacts/data_profiling_dist.json
      hash: md5
      md5: f91261223a718c689f2df7e95ca6bad5
      size: 4482
    - path: artifacts/profiling_artifacts/data_profiling_missing_val.json
      hash: md5
      md5: b657ba19334b0bd2d823a99015e58b87
      size: 1556
    - path: artifacts/profiling_artifacts/data_profiling_stats.json
      hash: md5
      md5: afa8fb462fea9d4f0de7cd99e6699654
      size: 2412
    - path: artifacts/profiling_artifacts/data_profiling_summary.json
      hash: md5
      md5: 517f009f7aa0df54e2c4297bd030fbde
      size: 163
  feature_engineer:
    cmd: python src/pipeline/stage_04_feature_engineer.py
    deps:
    - path: artifacts/validation_artifact/data_validation.json
      hash: md5
      md5: 9881fc4061ae2f684dd41adc3511662c
      size: 79
    - path: src/features/make_features.py
      hash: md5
      md5: fce26e33c3cee4ccc1aad14421945f71
      size: 5298
    outs:
    - path: artifacts/feature_engineer_artifact/feature_engineer.json
      hash: md5
      md5: b4c93ba3780417caf58b30ec6353583f
      size: 108
  data_transformation:
    cmd: python src/pipeline/stage_05_data_transformation.py
    deps:
    - path: artifacts/feature_engineer_artifact/feature_engineer.json
      hash: md5
      md5: b4c93ba3780417caf58b30ec6353583f
      size: 108
    - path: configs/transformation_schema.yaml
      hash: md5
      md5: 1fdbf94f962c54f4c3ac008f930de376
      size: 419
    - path: src/components/data_transformation.py
      hash: md5
      md5: 4d811c1c23216df6c9d56a5e8cd042ef
      size: 4587
    outs:
    - path: artifacts/transformation_artifact/data_transformation.json
      hash: md5
      md5: d271a52a6037e9aae3eed25e5a54d105
      size: 515
    - path: artifacts/transformation_artifact/preprocessor.joblib
      hash: md5
      md5: 09db5c5b2ee879bb11eb25ac58075549
      size: 7645
    - path: data/processed/x_test.parquet
      hash: md5
      md5: 3be1e4c3edb31d73c11a88a181786cba
      size: 868257
    - path: data/processed/x_train.parquet
      hash: md5
      md5: b72833554f8180a4d35e1687afcf0aa2
      size: 2955443
    - path: data/processed/y_test.parquet
      hash: md5
      md5: 2611b50e9b8d54d5282941927c168919
      size: 3850
    - path: data/processed/y_train.parquet
      hash: md5
      md5: e520c4e44cf7844b122873c66e2b490a
      size: 11501
  model_training:
    cmd: python src/pipeline/stage_07_model_training.py
    deps:
    - path: artifacts/experiment_artifact/experiment.json
      hash: md5
      md5: d6ebefe2b39c783c33eaf8ec71056724
      size: 69
    - path: artifacts/model_tuning_artifact/model_tuning.json
      hash: md5
      md5: 3f6c9ff104843500e39503f9d15575b3
      size: 407
    - path: artifacts/transformation_artifact/data_transformation.json
      hash: md5
      md5: d271a52a6037e9aae3eed25e5a54d105
      size: 515
    - path: artifacts/transformation_artifact/preprocessor.joblib
      hash: md5
      md5: 09db5c5b2ee879bb11eb25ac58075549
      size: 7645
    - path: configs/experiment_params.yaml
      hash: md5
      md5: 06f8713d8f9d993d226858772cf3b388
      size: 1817
    - path: src/components/model_trainer.py
      hash: md5
      md5: 4906369ace2a2a762301acb1205924db
      size: 1312
    - path: src/experiment/model_factory.py
      hash: md5
      md5: f6f29a9a2f029a8e49fac01001aa5ddb
      size: 1057
    - path: src/experiment/model_registry.py
      hash: md5
      md5: d8fb7f6aa3ef92e13ab7242fad099844
      size: 747
    - path: src/pipeline/stage_07_model_training.py
      hash: md5
      md5: e7a28142292fe7736838cf4ae00b983b
      size: 3838
    - path: src/tracking/mlflow_tracker.py
      hash: md5
      md5: e89a3ef3b83adef1dc49184d58d356fd
      size: 2769
    outs:
    - path: artifacts/model_artifact/model_training.json
      hash: md5
      md5: cd94902814d1c2302dce433910c29450
      size: 1460
    - path: models/burnout_classifier.joblib
      hash: md5
      md5: b7e21565a84a8c827a2382a469ac11b9
      size: 310324987
  model_experiment:
    cmd: python src/pipeline/stage_06_experiment.py
    deps:
    - path: artifacts/transformation_artifact/data_transformation.json
      hash: md5
      md5: d271a52a6037e9aae3eed25e5a54d105
      size: 515
    - path: configs/experiment_params.yaml
      hash: md5
      md5: cfb38329ba7ffc6819e7b7e68430e7a6
      size: 1737
    - path: src/experiment/model_factory.py
      hash: md5
      md5: f6f29a9a2f029a8e49fac01001aa5ddb
      size: 1057
    - path: src/experiment/model_registry.py
      hash: md5
      md5: d8fb7f6aa3ef92e13ab7242fad099844
      size: 747
    - path: src/experiment/runner.py
      hash: md5
      md5: 29399a0cafa115ca22b5867cd773403d
      size: 3076
    - path: src/pipeline/stage_06_experiment.py
      hash: md5
      md5: cea2190a57443e409638427361937abe
      size: 1571
    - path: src/tracking/mlflow_tracker.py
      hash: md5
      md5: e89a3ef3b83adef1dc49184d58d356fd
      size: 2769
    outs:
    - path: artifacts/experiment_artifact/experiment.json
      hash: md5
      md5: d6ebefe2b39c783c33eaf8ec71056724
      size: 69
  model_tuning:
    cmd: python src/pipeline/stage_08_model_tuning.py
    deps:
    - path: artifacts/experiment_artifact/experiment.json
      hash: md5
      md5: d6ebefe2b39c783c33eaf8ec71056724
      size: 69
    - path: artifacts/transformation_artifact/data_transformation.json
      hash: md5
      md5: d271a52a6037e9aae3eed25e5a54d105
      size: 515
    - path: artifacts/transformation_artifact/preprocessor.joblib
      hash: md5
      md5: 09db5c5b2ee879bb11eb25ac58075549
      size: 7645
    - path: configs/experiment_params.yaml
      hash: md5
      md5: cfb38329ba7ffc6819e7b7e68430e7a6
      size: 1737
    - path: src/components/model_tuner.py
      hash: md5
      md5: aa17bf9ac69408e0554165514207fb53
      size: 6309
    - path: src/experiment/model_factory.py
      hash: md5
      md5: f6f29a9a2f029a8e49fac01001aa5ddb
      size: 1057
    - path: src/experiment/model_registry.py
      hash: md5
      md5: d8fb7f6aa3ef92e13ab7242fad099844
      size: 747
    - path: src/pipeline/stage_08_model_tuning.py
      hash: md5
      md5: 8e6dfd7169ae9fed6b6c2988ed008a84
      size: 3511
    - path: src/tracking/mlflow_tracker.py
      hash: md5
      md5: e89a3ef3b83adef1dc49184d58d356fd
      size: 2769
    outs:
    - path: artifacts/model_tuning_artifact/model_tuning.json
      hash: md5
      md5: 91bf7e3ea09e0f30461c8ebd65f64e7d
      size: 503
    - path: models/burnout_classifier.joblib
      hash: md5
      md5: 4cca2a18b04a3b7f5141fe38a1d24cbd
      size: 11825531
  model_registry:
    cmd: python src/pipeline/stage_09_model_registry.py
    deps:
    - path: artifacts/feature_engineer_artifact/feature_engineer.json
      hash: md5
      md5: b4c93ba3780417caf58b30ec6353583f
      size: 108
    - path: artifacts/model_tuning_artifact/model_tuning.json
      hash: md5
      md5: 91bf7e3ea09e0f30461c8ebd65f64e7d
      size: 503
    - path: artifacts/transformation_artifact/data_transformation.json
      hash: md5
      md5: d271a52a6037e9aae3eed25e5a54d105
      size: 515
    - path: configs/experiment_params.yaml
      hash: md5
      md5: cfb38329ba7ffc6819e7b7e68430e7a6
      size: 1737
    - path: configs/registry_params.yaml
      hash: md5
      md5: 9cc18c89e3803bf3c7d272ab7470b2e5
      size: 901
    - path: configs/schema.yaml
      hash: md5
      md5: fa71b142e0e3be39a939bba832c5924b
      size: 708
    - path: models/burnout_classifier.joblib
      hash: md5
      md5: 4cca2a18b04a3b7f5141fe38a1d24cbd
      size: 11825531
    - path: src/components/model_registry.py
      hash: md5
      md5: 9150f9326b60498edf37d79c9609e96d
      size: 6341
    - path: src/entity/artifacts/model_registry_artifact.py
      hash: md5
      md5: f2f3c2dbd9c939b58e4bbafc2eba411e
      size: 582
    - path: src/entity/configs/model_registry_cfg.py
      hash: md5
      md5: 9d621014547309de0a68a5848f4a855a
      size: 686
    - path: src/pipeline/stage_09_model_registry.py
      hash: md5
      md5: 301f2f3070181a5c9e1ae86a8ed9bec1
      size: 2545
    - path: src/tracking/mlflow_tracker.py
      hash: md5
      md5: e89a3ef3b83adef1dc49184d58d356fd
      size: 2769
    outs:
    - path: artifacts/model_registry_artifact/model_registry.json
      hash: md5
      md5: d2d20cfe7906694d46724b337b4ecd07
      size: 3145
